// !$*UTF8*$!
{
	archiveVersion = 1;
	classes = {
	};
	objectVersion = 46;
	objects = {

/* Begin PBXBuildFile section */
		B9EEE50A1B082B4D00F8AED1 /* ObjectDescriptionTestCase.m in Sources */ = {isa = PBXBuildFile; fileRef = B9EEE5081B082B4D00F8AED1 /* ObjectDescriptionTestCase.m */; };
		B9EEE50B1B082B4D00F8AED1 /* ObjectEqualityTestCase.m in Sources */ = {isa = PBXBuildFile; fileRef = B9EEE5091B082B4D00F8AED1 /* ObjectEqualityTestCase.m */; };
/* End PBXBuildFile section */

/* Begin PBXContainerItemProxy section */
		B9EEE4F91B082A8000F8AED1 /* PBXContainerItemProxy */ = {
			isa = PBXContainerItemProxy;
			containerPortal = B9EEE4E41B082A8000F8AED1 /* Project object */;
			proxyType = 1;
			remoteGlobalIDString = B9EEE4EB1B082A8000F8AED1;
			remoteInfo = Objectify;
		};
/* End PBXContainerItemProxy section */

/* Begin PBXCopyFilesBuildPhase section */
		B9EEE4EA1B082A8000F8AED1 /* CopyFiles */ = {
			isa = PBXCopyFilesBuildPhase;
			buildActionMask = 2147483647;
			dstPath = "include/$(PRODUCT_NAME)";
			dstSubfolderSpec = 16;
			files = (
			);
			runOnlyForDeploymentPostprocessing = 0;
		};
/* End PBXCopyFilesBuildPhase section */

/* Begin PBXFileReference section */
		B9EEE4EC1B082A8000F8AED1 /* libObjectify.a */ = {isa = PBXFileReference; explicitFileType = archive.ar; includeInIndex = 0; path = libObjectify.a; sourceTree = BUILT_PRODUCTS_DIR; };
		B9EEE4F71B082A8000F8AED1 /* ObjectifyTests.xctest */ = {isa = PBXFileReference; explicitFileType = wrapper.cfbundle; includeInIndex = 0; path = ObjectifyTests.xctest; sourceTree = BUILT_PRODUCTS_DIR; };
		B9EEE4FD1B082A8000F8AED1 /* Info.plist */ = {isa = PBXFileReference; lastKnownFileType = text.plist.xml; path = Info.plist; sourceTree = "<group>"; };
		B9EEE5061B082B3F00F8AED1 /* ObjectDescription.h */ = {isa = PBXFileReference; fileEncoding = 4; lastKnownFileType = sourcecode.c.h; path = ObjectDescription.h; sourceTree = "<group>"; };
		B9EEE5071B082B3F00F8AED1 /* ObjectEquality.h */ = {isa = PBXFileReference; fileEncoding = 4; lastKnownFileType = sourcecode.c.h; path = ObjectEquality.h; sourceTree = "<group>"; };
		B9EEE5081B082B4D00F8AED1 /* ObjectDescriptionTestCase.m */ = {isa = PBXFileReference; fileEncoding = 4; lastKnownFileType = sourcecode.c.objc; path = ObjectDescriptionTestCase.m; sourceTree = "<group>"; };
		B9EEE5091B082B4D00F8AED1 /* ObjectEqualityTestCase.m */ = {isa = PBXFileReference; fileEncoding = 4; lastKnownFileType = sourcecode.c.objc; path = ObjectEqualityTestCase.m; sourceTree = "<group>"; };
		B9EEE50F1B082BD200F8AED1 /* Objectify.h */ = {isa = PBXFileReference; fileEncoding = 4; lastKnownFileType = sourcecode.c.h; path = Objectify.h; sourceTree = "<group>"; };
		B9EEE5111B082C1F00F8AED1 /* EXTKeyPathCoding.h */ = {isa = PBXFileReference; fileEncoding = 4; lastKnownFileType = sourcecode.c.h; path = EXTKeyPathCoding.h; sourceTree = "<group>"; };
		B9EEE5121B082C1F00F8AED1 /* metamacros.h */ = {isa = PBXFileReference; fileEncoding = 4; lastKnownFileType = sourcecode.c.h; path = metamacros.h; sourceTree = "<group>"; };
/* End PBXFileReference section */

/* Begin PBXFrameworksBuildPhase section */
		B9EEE4E91B082A8000F8AED1 /* Frameworks */ = {
			isa = PBXFrameworksBuildPhase;
			buildActionMask = 2147483647;
			files = (
			);
			runOnlyForDeploymentPostprocessing = 0;
		};
		B9EEE4F41B082A8000F8AED1 /* Frameworks */ = {
			isa = PBXFrameworksBuildPhase;
			buildActionMask = 2147483647;
			files = (
			);
			runOnlyForDeploymentPostprocessing = 0;
		};
/* End PBXFrameworksBuildPhase section */

/* Begin PBXGroup section */
		B9EEE4E31B082A8000F8AED1 = {
			isa = PBXGroup;
			children = (
				B9EEE5101B082C1F00F8AED1 /* extobjc */,
				B9EEE4EE1B082A8000F8AED1 /* Objectify */,
				B9EEE4FB1B082A8000F8AED1 /* ObjectifyTests */,
				B9EEE4ED1B082A8000F8AED1 /* Products */,
			);
			sourceTree = "<group>";
		};
		B9EEE4ED1B082A8000F8AED1 /* Products */ = {
			isa = PBXGroup;
			children = (
				B9EEE4EC1B082A8000F8AED1 /* libObjectify.a */,
				B9EEE4F71B082A8000F8AED1 /* ObjectifyTests.xctest */,
			);
			name = Products;
			sourceTree = "<group>";
		};
		B9EEE4EE1B082A8000F8AED1 /* Objectify */ = {
			isa = PBXGroup;
			children = (
				B9EEE5061B082B3F00F8AED1 /* ObjectDescription.h */,
				B9EEE5071B082B3F00F8AED1 /* ObjectEquality.h */,
				B9EEE50F1B082BD200F8AED1 /* Objectify.h */,
			);
			path = Objectify;
			sourceTree = "<group>";
		};
		B9EEE4FB1B082A8000F8AED1 /* ObjectifyTests */ = {
			isa = PBXGroup;
			children = (
				B9EEE5081B082B4D00F8AED1 /* ObjectDescriptionTestCase.m */,
				B9EEE5091B082B4D00F8AED1 /* ObjectEqualityTestCase.m */,
				B9EEE4FC1B082A8000F8AED1 /* Supporting Files */,
			);
			path = ObjectifyTests;
			sourceTree = "<group>";
		};
		B9EEE4FC1B082A8000F8AED1 /* Supporting Files */ = {
			isa = PBXGroup;
			children = (
				B9EEE4FD1B082A8000F8AED1 /* Info.plist */,
			);
			name = "Supporting Files";
			sourceTree = "<group>";
		};
		B9EEE5101B082C1F00F8AED1 /* extobjc */ = {
			isa = PBXGroup;
			children = (
				B9EEE5111B082C1F00F8AED1 /* EXTKeyPathCoding.h */,
				B9EEE5121B082C1F00F8AED1 /* metamacros.h */,
			);
			path = extobjc;
			sourceTree = "<group>";
		};
/* End PBXGroup section */

/* Begin PBXNativeTarget section */
		B9EEE4EB1B082A8000F8AED1 /* Objectify */ = {
			isa = PBXNativeTarget;
			buildConfigurationList = B9EEE5001B082A8000F8AED1 /* Build configuration list for PBXNativeTarget "Objectify" */;
			buildPhases = (
				B9EEE4E81B082A8000F8AED1 /* Sources */,
				B9EEE4E91B082A8000F8AED1 /* Frameworks */,
				B9EEE4EA1B082A8000F8AED1 /* CopyFiles */,
			);
			buildRules = (
			);
			dependencies = (
			);
			name = Objectify;
			productName = Objectify;
			productReference = B9EEE4EC1B082A8000F8AED1 /* libObjectify.a */;
			productType = "com.apple.product-type.library.static";
		};
		B9EEE4F61B082A8000F8AED1 /* ObjectifyTests */ = {
			isa = PBXNativeTarget;
			buildConfigurationList = B9EEE5031B082A8000F8AED1 /* Build configuration list for PBXNativeTarget "ObjectifyTests" */;
			buildPhases = (
				B9EEE4F31B082A8000F8AED1 /* Sources */,
				B9EEE4F41B082A8000F8AED1 /* Frameworks */,
				B9EEE4F51B082A8000F8AED1 /* Resources */,
			);
			buildRules = (
			);
			dependencies = (
				B9EEE4FA1B082A8000F8AED1 /* PBXTargetDependency */,
			);
			name = ObjectifyTests;
			productName = ObjectifyTests;
			productReference = B9EEE4F71B082A8000F8AED1 /* ObjectifyTests.xctest */;
			productType = "com.apple.product-type.bundle.unit-test";
		};
/* End PBXNativeTarget section */

/* Begin PBXProject section */
		B9EEE4E41B082A8000F8AED1 /* Project object */ = {
			isa = PBXProject;
			attributes = {
				LastUpgradeCheck = 0630;
				ORGANIZATIONNAME = "Tony Li";
				TargetAttributes = {
					B9EEE4EB1B082A8000F8AED1 = {
						CreatedOnToolsVersion = 6.3.1;
					};
					B9EEE4F61B082A8000F8AED1 = {
						CreatedOnToolsVersion = 6.3.1;
					};
				};
			};
			buildConfigurationList = B9EEE4E71B082A8000F8AED1 /* Build configuration list for PBXProject "Objectify" */;
			compatibilityVersion = "Xcode 3.2";
			developmentRegion = English;
			hasScannedForEncodings = 0;
			knownRegions = (
				en,
			);
			mainGroup = B9EEE4E31B082A8000F8AED1;
			productRefGroup = B9EEE4ED1B082A8000F8AED1 /* Products */;
			projectDirPath = "";
			projectRoot = "";
			targets = (
				B9EEE4EB1B082A8000F8AED1 /* Objectify */,
				B9EEE4F61B082A8000F8AED1 /* ObjectifyTests */,
			);
		};
/* End PBXProject section */

/* Begin PBXResourcesBuildPhase section */
		B9EEE4F51B082A8000F8AED1 /* Resources */ = {
			isa = PBXResourcesBuildPhase;
			buildActionMask = 2147483647;
			files = (
			);
			runOnlyForDeploymentPostprocessing = 0;
		};
/* End PBXResourcesBuildPhase section */

/* Begin PBXSourcesBuildPhase section */
		B9EEE4E81B082A8000F8AED1 /* Sources */ = {
			isa = PBXSourcesBuildPhase;
			buildActionMask = 2147483647;
			files = (
			);
			runOnlyForDeploymentPostprocessing = 0;
		};
		B9EEE4F31B082A8000F8AED1 /* Sources */ = {
			isa = PBXSourcesBuildPhase;
			buildActionMask = 2147483647;
			files = (
				B9EEE50B1B082B4D00F8AED1 /* ObjectEqualityTestCase.m in Sources */,
				B9EEE50A1B082B4D00F8AED1 /* ObjectDescriptionTestCase.m in Sources */,
			);
			runOnlyForDeploymentPostprocessing = 0;
		};
/* End PBXSourcesBuildPhase section */

/* Begin PBXTargetDependency section */
		B9EEE4FA1B082A8000F8AED1 /* PBXTargetDependency */ = {
			isa = PBXTargetDependency;
			target = B9EEE4EB1B082A8000F8AED1 /* Objectify */;
			targetProxy = B9EEE4F91B082A8000F8AED1 /* PBXContainerItemProxy */;
		};
/* End PBXTargetDependency section */

/* Begin XCBuildConfiguration section */
		B9EEE4FE1B082A8000F8AED1 /* Debug */ = {
			isa = XCBuildConfiguration;
			buildSettings = {
				ALWAYS_SEARCH_USER_PATHS = NO;
				CLANG_CXX_LANGUAGE_STANDARD = "gnu++0x";
				CLANG_CXX_LIBRARY = "libc++";
				CLANG_ENABLE_MODULES = YES;
				CLANG_ENABLE_OBJC_ARC = YES;
				CLANG_WARN_BOOL_CONVERSION = YES;
				CLANG_WARN_CONSTANT_CONVERSION = YES;
				CLANG_WARN_DIRECT_OBJC_ISA_USAGE = YES_ERROR;
				CLANG_WARN_EMPTY_BODY = YES;
				CLANG_WARN_ENUM_CONVERSION = YES;
				CLANG_WARN_INT_CONVERSION = YES;
				CLANG_WARN_OBJC_ROOT_CLASS = YES_ERROR;
				CLANG_WARN_UNREACHABLE_CODE = YES;
				CLANG_WARN__DUPLICATE_METHOD_MATCH = YES;
				COPY_PHASE_STRIP = NO;
				DEBUG_INFORMATION_FORMAT = "dwarf-with-dsym";
				ENABLE_STRICT_OBJC_MSGSEND = YES;
				GCC_C_LANGUAGE_STANDARD = gnu99;
				GCC_DYNAMIC_NO_PIC = NO;
				GCC_NO_COMMON_BLOCKS = YES;
				GCC_OPTIMIZATION_LEVEL = 0;
				GCC_PREPROCESSOR_DEFINITIONS = (
					"DEBUG=1",
					"$(inherited)",
				);
				GCC_SYMBOLS_PRIVATE_EXTERN = NO;
				GCC_WARN_64_TO_32_BIT_CONVERSION = YES;
				GCC_WARN_ABOUT_RETURN_TYPE = YES_ERROR;
				GCC_WARN_UNDECLARED_SELECTOR = YES;
				GCC_WARN_UNINITIALIZED_AUTOS = YES_AGGRESSIVE;
				GCC_WARN_UNUSED_FUNCTION = YES;
				GCC_WARN_UNUSED_VARIABLE = YES;
				IPHONEOS_DEPLOYMENT_TARGET = 8.3;
				MTL_ENABLE_DEBUG_INFO = YES;
				ONLY_ACTIVE_ARCH = YES;
				SDKROOT = iphoneos;
			};
			name = Debug;
		};
		B9EEE4FF1B082A8000F8AED1 /* Release */ = {
			isa = XCBuildConfiguration;
			buildSettings = {
				ALWAYS_SEARCH_USER_PATHS = NO;
				CLANG_CXX_LANGUAGE_STANDARD = "gnu++0x";
				CLANG_CXX_LIBRARY = "libc++";
				CLANG_ENABLE_MODULES = YES;
				CLANG_ENABLE_OBJC_ARC = YES;
				CLANG_WARN_BOOL_CONVERSION = YES;
				CLANG_WARN_CONSTANT_CONVERSION = YES;
				CLANG_WARN_DIRECT_OBJC_ISA_USAGE = YES_ERROR;
				CLANG_WARN_EMPTY_BODY = YES;
				CLANG_WARN_ENUM_CONVERSION = YES;
				CLANG_WARN_INT_CONVERSION = YES;
				CLANG_WARN_OBJC_ROOT_CLASS = YES_ERROR;
				CLANG_WARN_UNREACHABLE_CODE = YES;
				CLANG_WARN__DUPLICATE_METHOD_MATCH = YES;
				COPY_PHASE_STRIP = NO;
				DEBUG_INFORMATION_FORMAT = "dwarf-with-dsym";
				ENABLE_NS_ASSERTIONS = NO;
				ENABLE_STRICT_OBJC_MSGSEND = YES;
				GCC_C_LANGUAGE_STANDARD = gnu99;
				GCC_NO_COMMON_BLOCKS = YES;
				GCC_WARN_64_TO_32_BIT_CONVERSION = YES;
				GCC_WARN_ABOUT_RETURN_TYPE = YES_ERROR;
				GCC_WARN_UNDECLARED_SELECTOR = YES;
				GCC_WARN_UNINITIALIZED_AUTOS = YES_AGGRESSIVE;
				GCC_WARN_UNUSED_FUNCTION = YES;
				GCC_WARN_UNUSED_VARIABLE = YES;
				IPHONEOS_DEPLOYMENT_TARGET = 8.3;
				MTL_ENABLE_DEBUG_INFO = NO;
				SDKROOT = iphoneos;
				VALIDATE_PRODUCT = YES;
			};
			name = Release;
		};
		B9EEE5011B082A8000F8AED1 /* Debug */ = {
			isa = XCBuildConfiguration;
			buildSettings = {
				OTHER_LDFLAGS = "-ObjC";
				PRODUCT_NAME = "$(TARGET_NAME)";
				SKIP_INSTALL = YES;
			};
			name = Debug;
		};
		B9EEE5021B082A8000F8AED1 /* Release */ = {
			isa = XCBuildConfiguration;
			buildSettings = {
				OTHER_LDFLAGS = "-ObjC";
				PRODUCT_NAME = "$(TARGET_NAME)";
				SKIP_INSTALL = YES;
			};
			name = Release;
		};
		B9EEE5041B082A8000F8AED1 /* Debug */ = {
			isa = XCBuildConfiguration;
			buildSettings = {
				"CODE_SIGN_IDENTITY[sdk=iphoneos*]" = "iPhone Developer";
				FRAMEWORK_SEARCH_PATHS = (
					"$(SDKROOT)/Developer/Library/Frameworks",
					"$(inherited)",
				);
				GCC_PREPROCESSOR_DEFINITIONS = (
					"DEBUG=1",
					"$(inherited)",
				);
				INFOPLIST_FILE = ObjectifyTests/Info.plist;
				LD_RUNPATH_SEARCH_PATHS = "$(inherited) @executable_path/Frameworks @loader_path/Frameworks";
				PRODUCT_NAME = "$(TARGET_NAME)";
			};
			name = Debug;
		};
		B9EEE5051B082A8000F8AED1 /* Release */ = {
			isa = XCBuildConfiguration;
			buildSettings = {
				"CODE_SIGN_IDENTITY[sdk=iphoneos*]" = "iPhone Developer";
				FRAMEWORK_SEARCH_PATHS = (
					"$(SDKROOT)/Developer/Library/Frameworks",
					"$(inherited)",
				);
				INFOPLIST_FILE = ObjectifyTests/Info.plist;
				LD_RUNPATH_SEARCH_PATHS = "$(inherited) @executable_path/Frameworks @loader_path/Frameworks";
				PRODUCT_NAME = "$(TARGET_NAME)";
			};
			name = Release;
		};
/* End XCBuildConfiguration section */

/* Begin XCConfigurationList section */
		B9EEE4E71B082A8000F8AED1 /* Build configuration list for PBXProject "Objectify" */ = {
			isa = XCConfigurationList;
			buildConfigurations = (
				B9EEE4FE1B082A8000F8AED1 /* Debug */,
				B9EEE4FF1B082A8000F8AED1 /* Release */,
			);
			defaultConfigurationIsVisible = 0;
			defaultConfigurationName = Release;
		};
		B9EEE5001B082A8000F8AED1 /* Build configuration list for PBXNativeTarget "Objectify" */ = {
			isa = XCConfigurationList;
			buildConfigurations = (
				B9EEE5011B082A8000F8AED1 /* Debug */,
				B9EEE5021B082A8000F8AED1 /* Release */,
			);
			defaultConfigurationIsVisible = 0;
			defaultConfigurationName = Release;
		};
		B9EEE5031B082A8000F8AED1 /* Build configuration list for PBXNativeTarget "ObjectifyTests" */ = {
			isa = XCConfigurationList;
			buildConfigurations = (
				B9EEE5041B082A8000F8AED1 /* Debug */,
				B9EEE5051B082A8000F8AED1 /* Release */,
			);
			defaultConfigurationIsVisible = 0;
			defaultConfigurationName = Release;
		};
/* End XCConfigurationList section */
	};
	rootObject = B9EEE4E41B082A8000F8AED1 /* Project object */;
}
